hash: 20d858399d592f4e817dc2244b404b78b3a254a74dcdf2d127177de482361c81
updated: 2018-01-06T20:43:06.00502+08:00
imports:
- name: github.com/boltdb/bolt
  version: 2f1ce7a837dcb8da3ec595b1dac9d0632f0f99e8
- name: github.com/klauspost/compress
  version: ea08389e0dc46025380296f7dd04ab0e8de36adb
  subpackages:
  - flate
  - gzip
  - zlib
- name: github.com/klauspost/cpuid
  version: eae9b3e628d72774e13bdf024e78c0802f85a5b9
- name: github.com/tidwall/gjson
  version: e62d62a3e1e9f324346170bbc04333341f803dfb
- name: github.com/valyala/bytebufferpool
  version: e746df99fe4a3986f4d4f79e13c1e0117ce9c2f7
- name: github.com/valyala/fasthttp
  version: e5f51c11919d4f66400334047b897ef0a94c6f3c
  subpackages:
  - fasthttputil
  - stackless
- name: github.com/vicanso/fresh
  version: 1a315cf0abf3451bffbb48c9141cb002bd83d573
- name: golang.org/x/sys
  version: dd9ec17814d5b1de388ebe438ec013d57d8b3779
  subpackages:
  - unix
- name: gopkg.in/yaml.v2
  version: 287cf08546ab5e7e37d55a84f7ed3fd1db036de5
testImports: []
