hash: 799e0420fda81900354d457faece3a6ee831446ca457349106ef07d5cb13ac90
updated: 2018-01-10T21:07:13.786233+08:00
imports:
- name: github.com/AndreasBriese/bbloom
  version: 28f7e881ca57bc00e028f9ede9f0d9104cfeef5e
- name: github.com/dgraph-io/badger
  version: 69611218c7078be6de16f4ea13fb256e701b6b73
  subpackages:
  - options
  - protos
  - skl
  - table
  - "y"
- name: github.com/dgryski/go-farm
  version: 2de33835d10275975374b37b2dcfd22c9020a1f5
- name: github.com/golang/protobuf
  version: 1e59b77b52bf8e4b449a57e6f79f21226d571845
  subpackages:
  - proto
- name: github.com/klauspost/compress
  version: ea08389e0dc46025380296f7dd04ab0e8de36adb
  subpackages:
  - flate
  - gzip
  - zlib
- name: github.com/klauspost/cpuid
  version: eae9b3e628d72774e13bdf024e78c0802f85a5b9
- name: github.com/pkg/errors
  version: e881fd58d78e04cf6d0de1217f8707c8cc2249bc
- name: github.com/tidwall/gjson
  version: e62d62a3e1e9f324346170bbc04333341f803dfb
- name: github.com/tidwall/match
  version: 1731857f09b1f38450e2c12409748407822dc6be
- name: github.com/valyala/bytebufferpool
  version: e746df99fe4a3986f4d4f79e13c1e0117ce9c2f7
- name: github.com/valyala/fasthttp
  version: e5f51c11919d4f66400334047b897ef0a94c6f3c
  subpackages:
  - fasthttputil
  - stackless
- name: github.com/vicanso/fresh
  version: 1a315cf0abf3451bffbb48c9141cb002bd83d573
- name: github.com/visionmedia/go-debug
  version: bfacf9d8a444b50f5d7ae47727544e775486966f
- name: golang.org/x/net
  version: 434ec0c7fe3742c984919a691b2018a6e9694425
  subpackages:
  - context
  - internal/timeseries
  - trace
- name: golang.org/x/sys
  version: 810d7000345868fc619eb81f46307107118f4ae1
  subpackages:
  - unix
- name: gopkg.in/yaml.v2
  version: 287cf08546ab5e7e37d55a84f7ed3fd1db036de5
testImports: []
