github.com/davecgh/go-spew v1.1.0/go.mod h1:J7Y8YcW2NihsgmVo/mv3lAwl/skON4iLHjSsI+c5H38=
github.com/pmezard/go-difflib v1.0.0/go.mod h1:iKH77koFhYxTK1pcRnkKkqfTogsbg7gZNVY4sRDYZ/4=
github.com/stretchr/objx v0.1.0/go.mod h1:HFkY916IF+rwdDfMAkV7OtwuqBVzrE8GR6GFx+wExME=
github.com/stretchr/testify v1.3.0/go.mod h1:M5WIy9Dh21IEIfnGCwXGc5bZfKNJtfHm1UVUgZn+9EI=
github.com/stretchr/testify v1.4.0/go.mod h1:j7eGeouHqKxXV5pUuKE4zz7dFj8WfuZ+81PSLYec5m4=
github.com/stretchr/testify v1.5.1/go.mod h1:5W2xD1RspED5o8YsWQXVCued0rvSQ+mT+I5cxcmMvtA=
github.com/tidwall/gjson v1.6.0/go.mod h1:P256ACg0Mn+j1RXIDXoss50DeIABTYK1PULOJHhxOls=
github.com/tidwall/match v1.0.1/go.mod h1:LujAq0jyVjBy028G1WhWfIzbpQfMO8bBZ6Tyb0+pL9E=
github.com/tidwall/pretty v1.0.0/go.mod h1:XNkn88O1ChpSDQmQeStsy+sBenx6DDtFZJxhVysOjyk=
github.com/vicanso/elton v1.0.0 h1:di5bCWLHIcJ09CnrkCFRPgr7zTK6xxMP2muYDnPfILQ=
github.com/vicanso/elton v1.0.0/go.mod h1:aEMHZqAh36NA7WkmEgUc6hyhMIlhXNr/Yw2a3rwNjyM=
github.com/vicanso/fresh v0.1.1/go.mod h1:gr1RKSFxQ1OnQHzUMBHCigifni7KrXveJjWCTlPjICA=
github.com/vicanso/hes v0.2.1 h1:jRFEADmiQ30koVY/sKwlkhyXM5B3QbVVizLqrjNJgPw=
github.com/vicanso/hes v0.2.1/go.mod h1:QcxOFmFfBQMhASTaLgnFayXYCgevdSeBVprt+o+3eKo=
github.com/vicanso/intranet-ip v0.0.1 h1:cYS+mExFsKqewWSuHtFwAqw/CO66GsheB/P1BPmSTx0=
github.com/vicanso/intranet-ip v0.0.1/go.mod h1:bqQ6VUhxdz0ipSb1kzd6aoZStlp+pB7CTlVmVhgLAxA=
github.com/vicanso/keygrip v0.1.0 h1:/zYzoVIbREAvaxSM7bo3/oSXuuYztaP71dPBfhRoNkM=
github.com/vicanso/keygrip v0.1.0/go.mod h1:cI05iOjY00NJ7oH2Z9Zdm9eJPUkpoex3XnEubK78nho=
golang.org/x/crypto v0.0.0-20190308221718-c2843e01d9a2/go.mod h1:djNgcEr1/C05ACkg1iLfiJU5Ep61QUkGW8qpdssI0+w=
golang.org/x/net v0.0.0-20200324143707-d3edc9973b7e h1:3G+cUijn7XD+S4eJFddp53Pv7+slrESplyjG25HgL+k=
golang.org/x/net v0.0.0-20200324143707-d3edc9973b7e/go.mod h1:qpuaurCH72eLCgpAm/N6yyVIVM9cpaDIP3A8BGJEC5A=
golang.org/x/sys v0.0.0-20190215142949-d0b11bdaac8a/go.mod h1:STP8DvDyc/dI5b8T5hshtkjS+E42TnysNCUPdjciGhY=
golang.org/x/sys v0.0.0-20200323222414-85ca7c5b95cd/go.mod h1:h1NjWce9XRLGQEsW7wpKNCjG9DtNlClVuFLEZdDNbEs=
golang.org/x/text v0.3.0 h1:g61tztE5qeGQ89tm6NTjjM9VPIm088od1l6aSorWRWg=
golang.org/x/text v0.3.0/go.mod h1:NqM8EUOU14njkJ3fqMW+pc6Ldnwhi/IjpwHt7yyuwOQ=
gopkg.in/check.v1 v0.0.0-20161208181325-20d25e280405/go.mod h1:Co6ibVJAznAaIkqp8huTwlJQCZ016jof/cbN4VW5Yz0=
gopkg.in/yaml.v2 v2.2.2/go.mod h1:hI93XBmqTisBFMUTm0b8Fm+jr3Dg1NNxqwp+5A1VGuI=
