github.com/armon/consul-api v0.0.0-20180202201655-eb2c6b5be1b6/go.mod h1:grANhF5doyWs3UAsr3K4I6qtAmlQcZDesFNEHPZAzj8=
github.com/coreos/etcd v3.3.10+incompatible/go.mod h1:uF7uidLiAD3TWHmW31ZFd/JWoc32PjwdhPthX9715RE=
github.com/coreos/go-etcd v2.0.0+incompatible/go.mod h1:Jez6KQU2B/sWsbdaef3ED8NzMklzPG4d5KIOhIy30Tk=
github.com/coreos/go-semver v0.2.0/go.mod h1:nnelYz7RCh+5ahJtPPxZlU+153eP4D4r3EedlOD2RNk=
github.com/davecgh/go-spew v1.1.0/go.mod h1:J7Y8YcW2NihsgmVo/mv3lAwl/skON4iLHjSsI+c5H38=
github.com/davecgh/go-spew v1.1.1 h1:vj9j/u1bqnvCEfJOwUhtlOARqs3+rkHYY13jYWTU97c=
github.com/davecgh/go-spew v1.1.1/go.mod h1:J7Y8YcW2NihsgmVo/mv3lAwl/skON4iLHjSsI+c5H38=
github.com/fsnotify/fsnotify v1.4.7 h1:IXs+QLmnXW2CcXuY+8Mzv/fWEsPGWxqefPtCP5CnV9I=
github.com/fsnotify/fsnotify v1.4.7/go.mod h1:jwhsz4b93w/PPRr/qN1Yymfu8t87LnFCMoQvtojpjFo=
github.com/go-yaml/yaml v2.1.0+incompatible h1:RYi2hDdss1u4YE7GwixGzWwVo47T8UQwnTLB6vQiq+o=
github.com/go-yaml/yaml v2.1.0+incompatible/go.mod h1:w2MrLa16VYP0jy6N7M5kHaCkaLENm+P+Tv+MfurjSw0=
github.com/golang/groupcache v0.0.0-20190129154638-5b532d6fd5ef/go.mod h1:cIg4eruTrX1D+g88fzRXU5OdNfaM+9IcxsU14FzY7Hc=
github.com/golang/snappy v0.0.1 h1:Qgr9rKW7uDUkrbSmQeiDsGa8SjGyCOGtuasMWwvp2P4=
github.com/golang/snappy v0.0.1/go.mod h1:/XxbfmMg8lxefKM7IXC3fBNl/7bRcc72aCRzEWrmP2Q=
github.com/google/brotli v1.0.7/go.mod h1:XpGqLY1HgMKTQI5TU8iAKE/okaKqS9h1e6KRlRztlOU=
github.com/h2non/parth v0.0.0-20190131123155-b4df798d6542 h1:2VTzZjLZBgl62/EtslCrtky5vbi9dd7HrQPQIx6wqiw=
github.com/h2non/parth v0.0.0-20190131123155-b4df798d6542/go.mod h1:Ow0tF8D4Kplbc8s8sSb3V2oUCygFHVp8gC3Dn6U4MNI=
github.com/hashicorp/hcl v1.0.0 h1:0Anlzjpi4vEasTeNFn2mLJgTSwt0+6sfsiTG8qcWGx4=
github.com/hashicorp/hcl v1.0.0/go.mod h1:E5yfLk+7swimpb2L/Alb/PJmXilQ/rhwaUYs4T20WEQ=
github.com/json-iterator/go v1.1.6 h1:MrUvLMLTMxbqFJ9kzlvat/rYZqZnW3u4wkLzWTaFwKs=
github.com/json-iterator/go v1.1.6/go.mod h1:+SdeFBvtyEkXs7REEP0seUULqWtbJapLOCVDaaPEHmU=
github.com/julienschmidt/httprouter v1.2.0 h1:TDTW5Yz1mjftljbcKqRcrYhd4XeOoI98t+9HbQbYf7g=
github.com/julienschmidt/httprouter v1.2.0/go.mod h1:SYymIcj16QtmaHHD7aYtjjsJG7VTCxuUUipMqKk8s4w=
github.com/magiconair/properties v1.8.0 h1:LLgXmsheXeRoUOBOjtwPQCWIYqM/LU1ayDtDePerRcY=
github.com/magiconair/properties v1.8.0/go.mod h1:PppfXfuXeibc/6YijjN8zIbojt8czPbwD3XqdrwzmxQ=
github.com/mitchellh/mapstructure v1.1.2 h1:fmNYVwqnSfB9mZU6OS2O6GsXM+wcskZDuKQzvN1EDeE=
github.com/mitchellh/mapstructure v1.1.2/go.mod h1:FVVH3fgwuzCH5S8UJGiWEs2h04kUh9fWfEaFds41c1Y=
github.com/modern-go/concurrent v0.0.0-20180306012644-bacd9c7ef1dd h1:TRLaZ9cD/w8PVh93nsPXa1VrQ6jlwL5oN8l14QlcNfg=
github.com/modern-go/concurrent v0.0.0-20180306012644-bacd9c7ef1dd/go.mod h1:6dJC0mAP4ikYIbvyc7fijjWJddQyLn8Ig3JB5CqoB9Q=
github.com/modern-go/reflect2 v1.0.1 h1:9f412s+6RmYXLWZSEzVVgPGK7C2PphHj5RJrvfx9AWI=
github.com/modern-go/reflect2 v1.0.1/go.mod h1:bx2lNnkwVCuqBIxFjflWJWanXIb3RllmbCylyMrvgv0=
github.com/nbio/st v0.0.0-20140626010706-e9e8d9816f32/go.mod h1:9wM+0iRr9ahx58uYLpLIr5fm8diHn0JbqRycJi6w0Ms=
github.com/pelletier/go-toml v1.2.0 h1:T5zMGML61Wp+FlcbWjRDT7yAxhJNAiPPLOFECq181zc=
github.com/pelletier/go-toml v1.2.0/go.mod h1:5z9KED0ma1S8pY6P1sdut58dfprrGBbd/94hg7ilaic=
github.com/pkg/errors v0.8.1/go.mod h1:bwawxfHBFNV+L2hUp1rHADufV3IMtnDRdf1r5NINEl0=
github.com/pmezard/go-difflib v1.0.0 h1:4DBwDE0NGyQoBHbLQYPwSUPoCMWR5BEzIk/f1lZbAQM=
github.com/pmezard/go-difflib v1.0.0/go.mod h1:iKH77koFhYxTK1pcRnkKkqfTogsbg7gZNVY4sRDYZ/4=
github.com/spf13/afero v1.1.2 h1:m8/z1t7/fwjysjQRYbP0RD+bUIF/8tJwPdEZsI83ACI=
github.com/spf13/afero v1.1.2/go.mod h1:j4pytiNVoe2o6bmDsKpLACNPDBIoEAkihy7loJ1B0CQ=
github.com/spf13/cast v1.3.0 h1:oget//CVOEoFewqQxwr0Ej5yjygnqGkvggSE/gB35Q8=
github.com/spf13/cast v1.3.0/go.mod h1:Qx5cxh0v+4UWYiBimWS+eyWzqEqokIECu5etghLkUJE=
github.com/spf13/jwalterweatherman v1.0.0 h1:XHEdyB+EcvlqZamSM4ZOMGlc93t6AcsBEu9Gc1vn7yk=
github.com/spf13/jwalterweatherman v1.0.0/go.mod h1:cQK4TGJAtQXfYWX+Ddv3mKDzgVb68N+wFjFa4jdeBTo=
github.com/spf13/pflag v1.0.3 h1:zPAT6CGy6wXeQ7NtTnaTerfKOsV6V6F8agHXFiazDkg=
github.com/spf13/pflag v1.0.3/go.mod h1:DYY7MBk1bdzusC3SYhjObp+wFpr4gzcvqqNjLnInEg4=
github.com/spf13/viper v1.3.2 h1:VUFqw5KcqRf7i70GOzW7N+Q7+gxVBkSSqiXB12+JQ4M=
github.com/spf13/viper v1.3.2/go.mod h1:ZiWeW+zYFKm7srdB9IoDzzZXaJaI5eL9QjNiN/DMA2s=
github.com/stretchr/objx v0.1.0/go.mod h1:HFkY916IF+rwdDfMAkV7OtwuqBVzrE8GR6GFx+wExME=
github.com/stretchr/testify v1.2.2/go.mod h1:a8OnRcib4nhh0OaRAV+Yts87kKdq0PP7pXfy6kDkUVs=
github.com/stretchr/testify v1.3.0 h1:TivCn/peBQ7UY8ooIcPgZFpTNSz0Q2U6UrFlUfqbe0Q=
github.com/stretchr/testify v1.3.0/go.mod h1:M5WIy9Dh21IEIfnGCwXGc5bZfKNJtfHm1UVUgZn+9EI=
github.com/ugorji/go/codec v0.0.0-20181204163529-d75b2dcb6bc8/go.mod h1:VFNgLljTbGfSG7qAOspJ7OScBnGdDN/yBr0sguwnwf0=
github.com/vicanso/cod v0.0.2/go.mod h1:m+avmqlCzw472clYqSNtyNNm+BO3DW9OJCek23kSUUE=
github.com/vicanso/cod v0.0.6/go.mod h1:m+avmqlCzw472clYqSNtyNNm+BO3DW9OJCek23kSUUE=
github.com/vicanso/cod v0.0.7/go.mod h1:tHGTs/JDTcp/OE4VaCutVMpYL69aR1rKUggsHviTuFc=
github.com/vicanso/cod v0.1.1 h1:l4dbZSGhGRVnrxLbArC/60GXNxDo0O/RlY5z4iHSa7I=
github.com/vicanso/cod v0.1.1/go.mod h1:T5GOazXuYrwwE1qMA0G3zka7NVwwkoL2fYIWNfeEpJw=
github.com/vicanso/cod-basic-auth v0.0.2 h1:SFEQI21VDusVQXAAOAqeIq0dxJwBlzphpwmzkVhHq1I=
github.com/vicanso/cod-basic-auth v0.0.2/go.mod h1:NtZ4jwj8GpcjQV5pXk+W+gdQ2Y1TqpAVdWZz6/Gjao0=
github.com/vicanso/cod-compress v0.0.3 h1:UTF1TrtE2vFfSKXzXKhY8JMiS7l82VKZXXFhNHB8ewQ=
github.com/vicanso/cod-compress v0.0.3/go.mod h1:4yKc7Kg4lwMC2jQiH4Vh3kvqTHyLPIcJ4ZJjaQXTZus=
github.com/vicanso/cod-error-handler v0.0.3 h1:Y4Z6dwRkK4o55Kwyy/mcg1Ys/b8LdnY24bD4whV6XVM=
github.com/vicanso/cod-error-handler v0.0.3/go.mod h1:4cVNzZdYrJ+ml3NqGSX7TQVshwr8uiNz7rcLt3D93Oc=
github.com/vicanso/cod-etag v0.0.1 h1:GRAc8znlDVQgpifG2rTK58bz6FSWpx/G1SjPiPh7QVY=
github.com/vicanso/cod-etag v0.0.1/go.mod h1:704QHYa2V6KHvCqBU66w0V1WEA16IRZK4BPUHN11mmM=
github.com/vicanso/cod-fresh v0.0.1 h1:mDxt993K2Co7lmYrASibkY/NzkPXtCLCplIfD8UCToE=
github.com/vicanso/cod-fresh v0.0.1/go.mod h1:FC1m1XtRd6gD3MahPJNrry1b0RMl/t/j7yzCXf2WLQw=
github.com/vicanso/cod-proxy v0.0.4 h1:A+bRiRbDwruterKRGN6WGCPrOC2NXuJAVQoriedUG84=
github.com/vicanso/cod-proxy v0.0.4/go.mod h1:bKsGE5q2C1QfdO3GtHs+IScLDVGelfihzDssUKXfOmQ=
github.com/vicanso/cod-recover v0.0.2 h1:i7GPIjRDyLGcXGcbQBYNhFHPO+i93Mf2gvheir79c5k=
github.com/vicanso/cod-recover v0.0.2/go.mod h1:GLl61l5HnvZ8Vq0OqAN5InNvagx4J0MgTN+fB3mFzXM=
github.com/vicanso/cod-responder v0.0.3 h1:naOb14c7WAVt7SZmuZilcplVCpHpMTovPy4EKnF7VVQ=
github.com/vicanso/cod-responder v0.0.3/go.mod h1:wtoaRJc9k8WqsgRq35dhMgfnDb6xn42QzhG1sDOJeUo=
github.com/vicanso/fresh v0.1.1 h1:L3UX/g2uZ4pNFzjc7+PyeYOlIAs2/yUfhcFnK7E+JQU=
github.com/vicanso/fresh v0.1.1/go.mod h1:gr1RKSFxQ1OnQHzUMBHCigifni7KrXveJjWCTlPjICA=
github.com/vicanso/hes v0.1.3/go.mod h1:bG0UJ3EihDKObFcLLwJYjxHHr9saFllsFcepyDIvFlo=
github.com/vicanso/hes v0.1.4 h1:n8kG8krvNJF4Sj1PvZOEUzdUsmDSbCcGr8C1nYnoP+o=
github.com/vicanso/hes v0.1.4/go.mod h1:bG0UJ3EihDKObFcLLwJYjxHHr9saFllsFcepyDIvFlo=
github.com/vicanso/keygrip v0.1.0 h1:/zYzoVIbREAvaxSM7bo3/oSXuuYztaP71dPBfhRoNkM=
github.com/vicanso/keygrip v0.1.0/go.mod h1:cI05iOjY00NJ7oH2Z9Zdm9eJPUkpoex3XnEubK78nho=
github.com/vicanso/upstream v0.0.2 h1:Zv5GOo5231QJWfvmVZLjNy9S6ZKxyYI+gy6c6EM3cV8=
github.com/vicanso/upstream v0.0.2/go.mod h1:uKlIykBQ4GlY5hFDpAfJZWRx2Vge5adtm61K33qOzxI=
github.com/xordataexchange/crypt v0.0.3-0.20170626215501-b2862e3d0a77/go.mod h1:aYKd//L2LvnjZzWKhF00oedf4jCCReLcmhLdhm1A27Q=
go.uber.org/atomic v1.3.2 h1:2Oa65PReHzfn29GpvgsYwloV9AVFHPDk8tYxt2c2tr4=
go.uber.org/atomic v1.3.2/go.mod h1:gD2HeocX3+yG+ygLZcrzQJaqmWj9AIm7n08wl/qW/PE=
go.uber.org/multierr v1.1.0 h1:HoEmRHQPVSqub6w2z2d2EOVs2fjyFRGyofhKuyDq0QI=
go.uber.org/multierr v1.1.0/go.mod h1:wR5kodmAFQ0UK8QlbwjlSNy0Z68gJhDJUG5sjR94q/0=
go.uber.org/zap v1.9.1 h1:XCJQEf3W6eZaVwhRBof6ImoYGJSITeKWsyeh3HFu/5o=
go.uber.org/zap v1.9.1/go.mod h1:vwi/ZaCAaUcBkycHslxD9B2zi4UTXhF60s6SWpuDF0Q=
golang.org/x/crypto v0.0.0-20181203042331-505ab145d0a9/go.mod h1:6SG95UA2DQfeDnfUPMdvaQW0Q7yPrPDi9nlGo2tz2b4=
golang.org/x/sys v0.0.0-20181205085412-a5c9d58dba9a h1:1n5lsVfiQW3yfsRGu98756EH1YthsFqr/5mxHduZW2A=
golang.org/x/sys v0.0.0-20181205085412-a5c9d58dba9a/go.mod h1:STP8DvDyc/dI5b8T5hshtkjS+E42TnysNCUPdjciGhY=
golang.org/x/text v0.3.0 h1:g61tztE5qeGQ89tm6NTjjM9VPIm088od1l6aSorWRWg=
golang.org/x/text v0.3.0/go.mod h1:NqM8EUOU14njkJ3fqMW+pc6Ldnwhi/IjpwHt7yyuwOQ=
gopkg.in/check.v1 v0.0.0-20161208181325-20d25e280405/go.mod h1:Co6ibVJAznAaIkqp8huTwlJQCZ016jof/cbN4VW5Yz0=
gopkg.in/h2non/gock.v1 v1.0.14 h1:fTeu9fcUvSnLNacYvYI54h+1/XEteDyHvrVCZEEEYNM=
gopkg.in/h2non/gock.v1 v1.0.14/go.mod h1:sX4zAkdYX1TRGJ2JY156cFspQn4yRWn6p9EMdODlynE=
gopkg.in/yaml.v2 v2.2.2 h1:ZCJp+EgiOT7lHqUV2J862kp8Qj64Jo6az82+3Td9dZw=
gopkg.in/yaml.v2 v2.2.2/go.mod h1:hI93XBmqTisBFMUTm0b8Fm+jr3Dg1NNxqwp+5A1VGuI=
