# This file is autogenerated, do not edit; changes may be undone by the next 'dep ensure'.


[[projects]]
  name = "github.com/akrylysov/pogreb"
  packages = [".","fs","hash"]
  revision = "cb90dff291acdbf4743b4cfdb15add5928d4242a"
  version = "v0.6"

[[projects]]
  name = "github.com/dgrijalva/jwt-go"
  packages = ["."]
  revision = "06ea1031745cb8b3dab3f6a236daf2b0aa468b7e"
  version = "v3.2.0"

[[projects]]
  name = "github.com/felixge/httpsnoop"
  packages = ["."]
  revision = "eadd4fad6aac69ae62379194fe0219f3dbc80fd3"
  version = "v1.0.0"

[[projects]]
  name = "github.com/go-yaml/yaml"
  packages = ["."]
  revision = "5420a8b6744d3b0345ab293f6fcba19c978f1183"
  version = "v2.2.1"

[[projects]]
  branch = "master"
  name = "github.com/golang/gddo"
  packages = ["httputil/header"]
  revision = "416d5fc8c9c85e9ec9252a70d01e069f4b287ff0"

[[projects]]
  name = "github.com/google/brotli"
  packages = ["go/cbrotli"]
  revision = "c6333e1e79fb62ea088443f192293f964409b04e"
  version = "v1.0.4"

[[projects]]
  name = "github.com/h2non/gock"
  packages = ["."]
  revision = "550b7ca3aa563b9974e2391274ea55a940d05ca9"
  version = "v1.0.8"

[[projects]]
  name = "github.com/labstack/echo"
  packages = [".","middleware"]
  revision = "6d227dfea4d2e52cb76856120b3c17f758139b4e"
  version = "3.3.5"

[[projects]]
  name = "github.com/labstack/gommon"
  packages = ["bytes","color","log","random"]
  revision = "588f4e8bddc6cb45c27b448e925c7fd6a5545434"
  version = "0.2.5"

[[projects]]
  name = "github.com/mattn/go-colorable"
  packages = ["."]
  revision = "167de6bfdfba052fa6b2d3664c8f5272e23c9072"
  version = "v0.0.9"

[[projects]]
  name = "github.com/mattn/go-isatty"
  packages = ["."]
  revision = "0360b2af4f38e8d38c7fce2a9f4e702702d73a39"
  version = "v0.0.3"

[[projects]]
  branch = "master"
  name = "github.com/mitchellh/go-server-timing"
  packages = ["."]
  revision = "d145200e1f903b0ea9e6fd99eea2fb9621e0feaa"

[[projects]]
  name = "github.com/thoas/go-funk"
  packages = ["."]
  revision = "14304e8530de7dbb909c8305591b3a8370dd9dbb"
  version = "0.2"

[[projects]]
  branch = "master"
  name = "github.com/valyala/bytebufferpool"
  packages = ["."]
  revision = "e746df99fe4a3986f4d4f79e13c1e0117ce9c2f7"

[[projects]]
  branch = "master"
  name = "github.com/valyala/fasttemplate"
  packages = ["."]
  revision = "dcecefd839c4193db0d35b88ec65b4c12d360ab0"

[[projects]]
  name = "github.com/vicanso/fresh"
  packages = ["."]
  revision = "1eb0ff1831e6eee3240b637b98e558766a3f58db"
  version = "0.0.1"

[[projects]]
  branch = "master"
  name = "golang.org/x/crypto"
  packages = ["acme","acme/autocert"]
  revision = "b49d69b5da943f7ef3c9cf91c8777c1f78a0cc3c"

[[projects]]
  branch = "master"
  name = "golang.org/x/sys"
  packages = ["unix"]
  revision = "cbbc999da32df943dac6cd71eb3ee39e1d7838b9"

[solve-meta]
  analyzer-name = "dep"
  analyzer-version = 1
  inputs-digest = "a690d14d3e5bab999cf40af507fd9b6060b594e2a43866c9917c1314aa8185c0"
  solver-name = "gps-cdcl"
  solver-version = 1
